dependencies:
- name: pipeline-cluster-monitor
  repository: http://kubernetes-charts.banzaicloud.com/branch/master
  version: 0.1.17
- name: pipeline-cluster-ingress
  repository: http://kubernetes-charts.banzaicloud.com/branch/master
  version: 0.0.8
- name: mongodb
  repository: file://../mongodb
  version: 5.1.0
digest: sha256:40fe6e9d61414c2d60352299afc0e5e968a5da8b672116b13ff6a7ffd7fd479a
generated: 2019-01-11T17:49:01.875413+01:00
