dependencies:
- name: pipeline-cluster-monitor
  repository: https://kubernetes-charts.banzaicloud.com
  version: 0.1.17
- name: pipeline-cluster-ingress
  repository: https://kubernetes-charts.banzaicloud.com
  version: 0.0.8
- name: mongodb
  repository: file://../mongodb
  version: 5.1.0
digest: sha256:e12a0b1f88fbb5e165d7d19faff13a9abda641867b57072601f187c788e060a7
generated: "2019-07-10T14:12:39.956768+02:00"
